// !$*UTF8*$!
{
	archiveVersion = 1;
	classes = {
	};
	objectVersion = 50;
	objects = {

/* Begin PBXBuildFile section */
		1ED119FDA6E5600D7DF996B3 /* Pods_AddNoteUITests.framework in Frameworks */ = {isa = PBXBuildFile; fileRef = 2D6E64FAACF8E0CB85BCB9D9 /* Pods_AddNoteUITests.framework */; };
		22BC4351F513D426942D83D2 /* Pods_AddNote.framework in Frameworks */ = {isa = PBXBuildFile; fileRef = 5C09D95901612D7E7A4F7265 /* Pods_AddNote.framework */; };
		7B3A529ABDE7058E9E547E2C /* Pods_AddNoteTests.framework in Frameworks */ = {isa = PBXBuildFile; fileRef = 74C44AC4780E9C94FA7BAA60 /* Pods_AddNoteTests.framework */; };
		9D1B882E20B7FA0400115E9F /* AppDelegate.swift in Sources */ = {isa = PBXBuildFile; fileRef = 9D1B882D20B7FA0400115E9F /* AppDelegate.swift */; };
		9D1B883320B7FA0400115E9F /* Main.storyboard in Resources */ = {isa = PBXBuildFile; fileRef = 9D1B883120B7FA0400115E9F /* Main.storyboard */; };
		9D1B883520B7FA0600115E9F /* Assets.xcassets in Resources */ = {isa = PBXBuildFile; fileRef = 9D1B883420B7FA0600115E9F /* Assets.xcassets */; };
		9D1B883820B7FA0600115E9F /* LaunchScreen.storyboard in Resources */ = {isa = PBXBuildFile; fileRef = 9D1B883620B7FA0600115E9F /* LaunchScreen.storyboard */; };
		9D1B884320B7FA0600115E9F /* AddNoteTests.swift in Sources */ = {isa = PBXBuildFile; fileRef = 9D1B884220B7FA0600115E9F /* AddNoteTests.swift */; };
		9D1B884E20B7FA0600115E9F /* AddNoteUITests.swift in Sources */ = {isa = PBXBuildFile; fileRef = 9D1B884D20B7FA0600115E9F /* AddNoteUITests.swift */; };
		9D7FCD9B20BBE9CB00F45F79 /* NotesViewController.swift in Sources */ = {isa = PBXBuildFile; fileRef = 9D7FCD9A20BBE9CB00F45F79 /* NotesViewController.swift */; };
		9D7FCDA020BBEEFC00F45F79 /* NotesViewReactor.swift in Sources */ = {isa = PBXBuildFile; fileRef = 9D7FCD9F20BBEEFC00F45F79 /* NotesViewReactor.swift */; };
		9D7FCDA220BBEF8400F45F79 /* BaseViewController.swift in Sources */ = {isa = PBXBuildFile; fileRef = 9D7FCDA120BBEF8400F45F79 /* BaseViewController.swift */; };
		9D7FCDA420BC04E800F45F79 /* BooksViewController.swift in Sources */ = {isa = PBXBuildFile; fileRef = 9D7FCDA320BC04E800F45F79 /* BooksViewController.swift */; };
		9D7FCDA620BC04F300F45F79 /* MineViewController.swift in Sources */ = {isa = PBXBuildFile; fileRef = 9D7FCDA520BC04F300F45F79 /* MineViewController.swift */; };
		9D7FCDA820BC050A00F45F79 /* BooksViewReactor.swift in Sources */ = {isa = PBXBuildFile; fileRef = 9D7FCDA720BC050A00F45F79 /* BooksViewReactor.swift */; };
		9D7FCDAA20BC051700F45F79 /* MineViewReactor.swift in Sources */ = {isa = PBXBuildFile; fileRef = 9D7FCDA920BC051700F45F79 /* MineViewReactor.swift */; };
/* End PBXBuildFile section */

/* Begin PBXContainerItemProxy section */
		9D1B883F20B7FA0600115E9F /* PBXContainerItemProxy */ = {
			isa = PBXContainerItemProxy;
			containerPortal = 9D1B882220B7FA0400115E9F /* Project object */;
			proxyType = 1;
			remoteGlobalIDString = 9D1B882920B7FA0400115E9F;
			remoteInfo = AddNote;
		};
		9D1B884A20B7FA0600115E9F /* PBXContainerItemProxy */ = {
			isa = PBXContainerItemProxy;
			containerPortal = 9D1B882220B7FA0400115E9F /* Project object */;
			proxyType = 1;
			remoteGlobalIDString = 9D1B882920B7FA0400115E9F;
			remoteInfo = AddNote;
		};
/* End PBXContainerItemProxy section */

/* Begin PBXFileReference section */
		2D6E64FAACF8E0CB85BCB9D9 /* Pods_AddNoteUITests.framework */ = {isa = PBXFileReference; explicitFileType = wrapper.framework; includeInIndex = 0; path = Pods_AddNoteUITests.framework; sourceTree = BUILT_PRODUCTS_DIR; };
		327979962DF5602C27575909 /* Pods-AddNoteTests.debug.xcconfig */ = {isa = PBXFileReference; includeInIndex = 1; lastKnownFileType = text.xcconfig; name = "Pods-AddNoteTests.debug.xcconfig"; path = "Pods/Target Support Files/Pods-AddNoteTests/Pods-AddNoteTests.debug.xcconfig"; sourceTree = "<group>"; };
		3B07B66ACF5435CA32E9536B /* Pods-AddNote.debug.xcconfig */ = {isa = PBXFileReference; includeInIndex = 1; lastKnownFileType = text.xcconfig; name = "Pods-AddNote.debug.xcconfig"; path = "Pods/Target Support Files/Pods-AddNote/Pods-AddNote.debug.xcconfig"; sourceTree = "<group>"; };
		5C09D95901612D7E7A4F7265 /* Pods_AddNote.framework */ = {isa = PBXFileReference; explicitFileType = wrapper.framework; includeInIndex = 0; path = Pods_AddNote.framework; sourceTree = BUILT_PRODUCTS_DIR; };
		73BB81427E795D3947E2D0D4 /* Pods-AddNoteUITests.release.xcconfig */ = {isa = PBXFileReference; includeInIndex = 1; lastKnownFileType = text.xcconfig; name = "Pods-AddNoteUITests.release.xcconfig"; path = "Pods/Target Support Files/Pods-AddNoteUITests/Pods-AddNoteUITests.release.xcconfig"; sourceTree = "<group>"; };
		74C44AC4780E9C94FA7BAA60 /* Pods_AddNoteTests.framework */ = {isa = PBXFileReference; explicitFileType = wrapper.framework; includeInIndex = 0; path = Pods_AddNoteTests.framework; sourceTree = BUILT_PRODUCTS_DIR; };
		7AD3ADD0F079091BA18AD251 /* Pods-AddNoteUITests.debug.xcconfig */ = {isa = PBXFileReference; includeInIndex = 1; lastKnownFileType = text.xcconfig; name = "Pods-AddNoteUITests.debug.xcconfig"; path = "Pods/Target Support Files/Pods-AddNoteUITests/Pods-AddNoteUITests.debug.xcconfig"; sourceTree = "<group>"; };
		9D1B882A20B7FA0400115E9F /* AddNote.app */ = {isa = PBXFileReference; explicitFileType = wrapper.application; includeInIndex = 0; path = AddNote.app; sourceTree = BUILT_PRODUCTS_DIR; };
		9D1B882D20B7FA0400115E9F /* AppDelegate.swift */ = {isa = PBXFileReference; lastKnownFileType = sourcecode.swift; path = AppDelegate.swift; sourceTree = "<group>"; };
		9D1B883220B7FA0400115E9F /* Base */ = {isa = PBXFileReference; lastKnownFileType = file.storyboard; name = Base; path = Base.lproj/Main.storyboard; sourceTree = "<group>"; };
		9D1B883420B7FA0600115E9F /* Assets.xcassets */ = {isa = PBXFileReference; lastKnownFileType = folder.assetcatalog; path = Assets.xcassets; sourceTree = "<group>"; };
		9D1B883720B7FA0600115E9F /* Base */ = {isa = PBXFileReference; lastKnownFileType = file.storyboard; name = Base; path = Base.lproj/LaunchScreen.storyboard; sourceTree = "<group>"; };
		9D1B883920B7FA0600115E9F /* Info.plist */ = {isa = PBXFileReference; lastKnownFileType = text.plist.xml; path = Info.plist; sourceTree = "<group>"; };
		9D1B883E20B7FA0600115E9F /* AddNoteTests.xctest */ = {isa = PBXFileReference; explicitFileType = wrapper.cfbundle; includeInIndex = 0; path = AddNoteTests.xctest; sourceTree = BUILT_PRODUCTS_DIR; };
		9D1B884220B7FA0600115E9F /* AddNoteTests.swift */ = {isa = PBXFileReference; lastKnownFileType = sourcecode.swift; path = AddNoteTests.swift; sourceTree = "<group>"; };
		9D1B884420B7FA0600115E9F /* Info.plist */ = {isa = PBXFileReference; lastKnownFileType = text.plist.xml; path = Info.plist; sourceTree = "<group>"; };
		9D1B884920B7FA0600115E9F /* AddNoteUITests.xctest */ = {isa = PBXFileReference; explicitFileType = wrapper.cfbundle; includeInIndex = 0; path = AddNoteUITests.xctest; sourceTree = BUILT_PRODUCTS_DIR; };
		9D1B884D20B7FA0600115E9F /* AddNoteUITests.swift */ = {isa = PBXFileReference; lastKnownFileType = sourcecode.swift; path = AddNoteUITests.swift; sourceTree = "<group>"; };
		9D1B884F20B7FA0600115E9F /* Info.plist */ = {isa = PBXFileReference; lastKnownFileType = text.plist.xml; path = Info.plist; sourceTree = "<group>"; };
		9D7FCD9A20BBE9CB00F45F79 /* NotesViewController.swift */ = {isa = PBXFileReference; lastKnownFileType = sourcecode.swift; path = NotesViewController.swift; sourceTree = "<group>"; };
		9D7FCD9F20BBEEFC00F45F79 /* NotesViewReactor.swift */ = {isa = PBXFileReference; lastKnownFileType = sourcecode.swift; path = NotesViewReactor.swift; sourceTree = "<group>"; };
		9D7FCDA120BBEF8400F45F79 /* BaseViewController.swift */ = {isa = PBXFileReference; fileEncoding = 4; lastKnownFileType = sourcecode.swift; path = BaseViewController.swift; sourceTree = "<group>"; };
		9D7FCDA320BC04E800F45F79 /* BooksViewController.swift */ = {isa = PBXFileReference; lastKnownFileType = sourcecode.swift; path = BooksViewController.swift; sourceTree = "<group>"; };
		9D7FCDA520BC04F300F45F79 /* MineViewController.swift */ = {isa = PBXFileReference; lastKnownFileType = sourcecode.swift; path = MineViewController.swift; sourceTree = "<group>"; };
		9D7FCDA720BC050A00F45F79 /* BooksViewReactor.swift */ = {isa = PBXFileReference; lastKnownFileType = sourcecode.swift; path = BooksViewReactor.swift; sourceTree = "<group>"; };
		9D7FCDA920BC051700F45F79 /* MineViewReactor.swift */ = {isa = PBXFileReference; lastKnownFileType = sourcecode.swift; path = MineViewReactor.swift; sourceTree = "<group>"; };
		AC7A873B6240CE9E6D1DB46A /* Pods-AddNoteTests.release.xcconfig */ = {isa = PBXFileReference; includeInIndex = 1; lastKnownFileType = text.xcconfig; name = "Pods-AddNoteTests.release.xcconfig"; path = "Pods/Target Support Files/Pods-AddNoteTests/Pods-AddNoteTests.release.xcconfig"; sourceTree = "<group>"; };
		F29E6296F4A8EBBB1F2E1196 /* Pods-AddNote.release.xcconfig */ = {isa = PBXFileReference; includeInIndex = 1; lastKnownFileType = text.xcconfig; name = "Pods-AddNote.release.xcconfig"; path = "Pods/Target Support Files/Pods-AddNote/Pods-AddNote.release.xcconfig"; sourceTree = "<group>"; };
/* End PBXFileReference section */

/* Begin PBXFrameworksBuildPhase section */
		9D1B882720B7FA0400115E9F /* Frameworks */ = {
			isa = PBXFrameworksBuildPhase;
			buildActionMask = 2147483647;
			files = (
				22BC4351F513D426942D83D2 /* Pods_AddNote.framework in Frameworks */,
			);
			runOnlyForDeploymentPostprocessing = 0;
		};
		9D1B883B20B7FA0600115E9F /* Frameworks */ = {
			isa = PBXFrameworksBuildPhase;
			buildActionMask = 2147483647;
			files = (
				7B3A529ABDE7058E9E547E2C /* Pods_AddNoteTests.framework in Frameworks */,
			);
			runOnlyForDeploymentPostprocessing = 0;
		};
		9D1B884620B7FA0600115E9F /* Frameworks */ = {
			isa = PBXFrameworksBuildPhase;
			buildActionMask = 2147483647;
			files = (
				1ED119FDA6E5600D7DF996B3 /* Pods_AddNoteUITests.framework in Frameworks */,
			);
			runOnlyForDeploymentPostprocessing = 0;
		};
/* End PBXFrameworksBuildPhase section */

/* Begin PBXGroup section */
		21904752C088720DBA3DE4A5 /* Pods */ = {
			isa = PBXGroup;
			children = (
				3B07B66ACF5435CA32E9536B /* Pods-AddNote.debug.xcconfig */,
				F29E6296F4A8EBBB1F2E1196 /* Pods-AddNote.release.xcconfig */,
				327979962DF5602C27575909 /* Pods-AddNoteTests.debug.xcconfig */,
				AC7A873B6240CE9E6D1DB46A /* Pods-AddNoteTests.release.xcconfig */,
				7AD3ADD0F079091BA18AD251 /* Pods-AddNoteUITests.debug.xcconfig */,
				73BB81427E795D3947E2D0D4 /* Pods-AddNoteUITests.release.xcconfig */,
			);
			name = Pods;
			sourceTree = "<group>";
		};
		9D1B882120B7FA0400115E9F = {
			isa = PBXGroup;
			children = (
				9D1B882C20B7FA0400115E9F /* AddNote */,
				9D1B884120B7FA0600115E9F /* AddNoteTests */,
				9D1B884C20B7FA0600115E9F /* AddNoteUITests */,
				9D1B882B20B7FA0400115E9F /* Products */,
				21904752C088720DBA3DE4A5 /* Pods */,
				E1BFCDA34B5411790F09112A /* Frameworks */,
			);
			sourceTree = "<group>";
		};
		9D1B882B20B7FA0400115E9F /* Products */ = {
			isa = PBXGroup;
			children = (
				9D1B882A20B7FA0400115E9F /* AddNote.app */,
				9D1B883E20B7FA0600115E9F /* AddNoteTests.xctest */,
				9D1B884920B7FA0600115E9F /* AddNoteUITests.xctest */,
			);
			name = Products;
			sourceTree = "<group>";
		};
		9D1B882C20B7FA0400115E9F /* AddNote */ = {
			isa = PBXGroup;
			children = (
				9D1B882D20B7FA0400115E9F /* AppDelegate.swift */,
				9D7FCD9920BBE9A800F45F79 /* Sections */,
				9D1B883120B7FA0400115E9F /* Main.storyboard */,
				9D1B883420B7FA0600115E9F /* Assets.xcassets */,
				9D1B883620B7FA0600115E9F /* LaunchScreen.storyboard */,
				9D1B883920B7FA0600115E9F /* Info.plist */,
			);
			path = AddNote;
			sourceTree = "<group>";
		};
		9D1B884120B7FA0600115E9F /* AddNoteTests */ = {
			isa = PBXGroup;
			children = (
				9D1B884220B7FA0600115E9F /* AddNoteTests.swift */,
				9D1B884420B7FA0600115E9F /* Info.plist */,
			);
			path = AddNoteTests;
			sourceTree = "<group>";
		};
		9D1B884C20B7FA0600115E9F /* AddNoteUITests */ = {
			isa = PBXGroup;
			children = (
				9D1B884D20B7FA0600115E9F /* AddNoteUITests.swift */,
				9D1B884F20B7FA0600115E9F /* Info.plist */,
			);
			path = AddNoteUITests;
			sourceTree = "<group>";
		};
		9D7FCD9920BBE9A800F45F79 /* Sections */ = {
			isa = PBXGroup;
			children = (
				9D7FCDA120BBEF8400F45F79 /* BaseViewController.swift */,
				9D7FCD9A20BBE9CB00F45F79 /* NotesViewController.swift */,
				9D7FCD9F20BBEEFC00F45F79 /* NotesViewReactor.swift */,
				9D7FCDA320BC04E800F45F79 /* BooksViewController.swift */,
				9D7FCDA720BC050A00F45F79 /* BooksViewReactor.swift */,
				9D7FCDA520BC04F300F45F79 /* MineViewController.swift */,
				9D7FCDA920BC051700F45F79 /* MineViewReactor.swift */,
			);
			path = Sections;
			sourceTree = "<group>";
		};
		E1BFCDA34B5411790F09112A /* Frameworks */ = {
			isa = PBXGroup;
			children = (
				5C09D95901612D7E7A4F7265 /* Pods_AddNote.framework */,
				74C44AC4780E9C94FA7BAA60 /* Pods_AddNoteTests.framework */,
				2D6E64FAACF8E0CB85BCB9D9 /* Pods_AddNoteUITests.framework */,
			);
			name = Frameworks;
			sourceTree = "<group>";
		};
/* End PBXGroup section */

/* Begin PBXNativeTarget section */
		9D1B882920B7FA0400115E9F /* AddNote */ = {
			isa = PBXNativeTarget;
			buildConfigurationList = 9D1B885220B7FA0600115E9F /* Build configuration list for PBXNativeTarget "AddNote" */;
			buildPhases = (
				27CA8270BAC884FDAE24C62C /* [CP] Check Pods Manifest.lock */,
				9D1B882620B7FA0400115E9F /* Sources */,
				9D1B882720B7FA0400115E9F /* Frameworks */,
				9D1B882820B7FA0400115E9F /* Resources */,
				85CD9F42CE7009B4146399CC /* [CP] Embed Pods Frameworks */,
			);
			buildRules = (
			);
			dependencies = (
			);
			name = AddNote;
			productName = AddNote;
			productReference = 9D1B882A20B7FA0400115E9F /* AddNote.app */;
			productType = "com.apple.product-type.application";
		};
		9D1B883D20B7FA0600115E9F /* AddNoteTests */ = {
			isa = PBXNativeTarget;
			buildConfigurationList = 9D1B885520B7FA0600115E9F /* Build configuration list for PBXNativeTarget "AddNoteTests" */;
			buildPhases = (
				BBC4D44BB048D8DBD8B3BDF5 /* [CP] Check Pods Manifest.lock */,
				9D1B883A20B7FA0600115E9F /* Sources */,
				9D1B883B20B7FA0600115E9F /* Frameworks */,
				9D1B883C20B7FA0600115E9F /* Resources */,
			);
			buildRules = (
			);
			dependencies = (
				9D1B884020B7FA0600115E9F /* PBXTargetDependency */,
			);
			name = AddNoteTests;
			productName = AddNoteTests;
			productReference = 9D1B883E20B7FA0600115E9F /* AddNoteTests.xctest */;
			productType = "com.apple.product-type.bundle.unit-test";
		};
		9D1B884820B7FA0600115E9F /* AddNoteUITests */ = {
			isa = PBXNativeTarget;
			buildConfigurationList = 9D1B885820B7FA0600115E9F /* Build configuration list for PBXNativeTarget "AddNoteUITests" */;
			buildPhases = (
				1C17E26311DCD3CDA439E4DD /* [CP] Check Pods Manifest.lock */,
				9D1B884520B7FA0600115E9F /* Sources */,
				9D1B884620B7FA0600115E9F /* Frameworks */,
				9D1B884720B7FA0600115E9F /* Resources */,
			);
			buildRules = (
			);
			dependencies = (
				9D1B884B20B7FA0600115E9F /* PBXTargetDependency */,
			);
			name = AddNoteUITests;
			productName = AddNoteUITests;
			productReference = 9D1B884920B7FA0600115E9F /* AddNoteUITests.xctest */;
			productType = "com.apple.product-type.bundle.ui-testing";
		};
/* End PBXNativeTarget section */

/* Begin PBXProject section */
		9D1B882220B7FA0400115E9F /* Project object */ = {
			isa = PBXProject;
			attributes = {
				LastSwiftUpdateCheck = 0930;
				LastUpgradeCheck = 0930;
				ORGANIZATIONNAME = shilin;
				TargetAttributes = {
					9D1B882920B7FA0400115E9F = {
						CreatedOnToolsVersion = 9.3;
					};
					9D1B883D20B7FA0600115E9F = {
						CreatedOnToolsVersion = 9.3;
						TestTargetID = 9D1B882920B7FA0400115E9F;
					};
					9D1B884820B7FA0600115E9F = {
						CreatedOnToolsVersion = 9.3;
						TestTargetID = 9D1B882920B7FA0400115E9F;
					};
				};
			};
			buildConfigurationList = 9D1B882520B7FA0400115E9F /* Build configuration list for PBXProject "AddNote" */;
			compatibilityVersion = "Xcode 9.3";
			developmentRegion = en;
			hasScannedForEncodings = 0;
			knownRegions = (
				en,
				Base,
			);
			mainGroup = 9D1B882120B7FA0400115E9F;
			productRefGroup = 9D1B882B20B7FA0400115E9F /* Products */;
			projectDirPath = "";
			projectRoot = "";
			targets = (
				9D1B882920B7FA0400115E9F /* AddNote */,
				9D1B883D20B7FA0600115E9F /* AddNoteTests */,
				9D1B884820B7FA0600115E9F /* AddNoteUITests */,
			);
		};
/* End PBXProject section */

/* Begin PBXResourcesBuildPhase section */
		9D1B882820B7FA0400115E9F /* Resources */ = {
			isa = PBXResourcesBuildPhase;
			buildActionMask = 2147483647;
			files = (
				9D1B883820B7FA0600115E9F /* LaunchScreen.storyboard in Resources */,
				9D1B883520B7FA0600115E9F /* Assets.xcassets in Resources */,
				9D1B883320B7FA0400115E9F /* Main.storyboard in Resources */,
			);
			runOnlyForDeploymentPostprocessing = 0;
		};
		9D1B883C20B7FA0600115E9F /* Resources */ = {
			isa = PBXResourcesBuildPhase;
			buildActionMask = 2147483647;
			files = (
			);
			runOnlyForDeploymentPostprocessing = 0;
		};
		9D1B884720B7FA0600115E9F /* Resources */ = {
			isa = PBXResourcesBuildPhase;
			buildActionMask = 2147483647;
			files = (
			);
			runOnlyForDeploymentPostprocessing = 0;
		};
/* End PBXResourcesBuildPhase section */

/* Begin PBXShellScriptBuildPhase section */
		1C17E26311DCD3CDA439E4DD /* [CP] Check Pods Manifest.lock */ = {
			isa = PBXShellScriptBuildPhase;
			buildActionMask = 2147483647;
			files = (
			);
			inputPaths = (
				"${PODS_PODFILE_DIR_PATH}/Podfile.lock",
				"${PODS_ROOT}/Manifest.lock",
			);
			name = "[CP] Check Pods Manifest.lock";
			outputPaths = (
				"$(DERIVED_FILE_DIR)/Pods-AddNoteUITests-checkManifestLockResult.txt",
			);
			runOnlyForDeploymentPostprocessing = 0;
			shellPath = /bin/sh;
			shellScript = "diff \"${PODS_PODFILE_DIR_PATH}/Podfile.lock\" \"${PODS_ROOT}/Manifest.lock\" > /dev/null\nif [ $? != 0 ] ; then\n    # print error to STDERR\n    echo \"error: The sandbox is not in sync with the Podfile.lock. Run 'pod install' or update your CocoaPods installation.\" >&2\n    exit 1\nfi\n# This output is used by Xcode 'outputs' to avoid re-running this script phase.\necho \"SUCCESS\" > \"${SCRIPT_OUTPUT_FILE_0}\"\n";
			showEnvVarsInLog = 0;
		};
		27CA8270BAC884FDAE24C62C /* [CP] Check Pods Manifest.lock */ = {
			isa = PBXShellScriptBuildPhase;
			buildActionMask = 2147483647;
			files = (
			);
			inputPaths = (
				"${PODS_PODFILE_DIR_PATH}/Podfile.lock",
				"${PODS_ROOT}/Manifest.lock",
			);
			name = "[CP] Check Pods Manifest.lock";
			outputPaths = (
				"$(DERIVED_FILE_DIR)/Pods-AddNote-checkManifestLockResult.txt",
			);
			runOnlyForDeploymentPostprocessing = 0;
			shellPath = /bin/sh;
			shellScript = "diff \"${PODS_PODFILE_DIR_PATH}/Podfile.lock\" \"${PODS_ROOT}/Manifest.lock\" > /dev/null\nif [ $? != 0 ] ; then\n    # print error to STDERR\n    echo \"error: The sandbox is not in sync with the Podfile.lock. Run 'pod install' or update your CocoaPods installation.\" >&2\n    exit 1\nfi\n# This output is used by Xcode 'outputs' to avoid re-running this script phase.\necho \"SUCCESS\" > \"${SCRIPT_OUTPUT_FILE_0}\"\n";
			showEnvVarsInLog = 0;
		};
		85CD9F42CE7009B4146399CC /* [CP] Embed Pods Frameworks */ = {
			isa = PBXShellScriptBuildPhase;
			buildActionMask = 2147483647;
			files = (
			);
			inputPaths = (
				"${SRCROOT}/Pods/Target Support Files/Pods-AddNote/Pods-AddNote-frameworks.sh",
				"${BUILT_PRODUCTS_DIR}/Action/Action.framework",
				"${BUILT_PRODUCTS_DIR}/Alamofire/Alamofire.framework",
				"${BUILT_PRODUCTS_DIR}/CGFloatLiteral/CGFloatLiteral.framework",
				"${BUILT_PRODUCTS_DIR}/DZNEmptyDataSet/DZNEmptyDataSet.framework",
				"${BUILT_PRODUCTS_DIR}/Differentiator/Differentiator.framework",
				"${BUILT_PRODUCTS_DIR}/IQKeyboardManagerSwift/IQKeyboardManagerSwift.framework",
				"${BUILT_PRODUCTS_DIR}/Kingfisher/Kingfisher.framework",
				"${BUILT_PRODUCTS_DIR}/LeanCloud/LeanCloud.framework",
				"${BUILT_PRODUCTS_DIR}/MBProgressHUD/MBProgressHUD.framework",
				"${BUILT_PRODUCTS_DIR}/MJRefresh/MJRefresh.framework",
				"${BUILT_PRODUCTS_DIR}/Moya/Moya.framework",
				"${BUILT_PRODUCTS_DIR}/NSObject+Rx/NSObject_Rx.framework",
				"${BUILT_PRODUCTS_DIR}/ObjectMapper/ObjectMapper.framework",
				"${BUILT_PRODUCTS_DIR}/ReactorKit/ReactorKit.framework",
				"${BUILT_PRODUCTS_DIR}/Result/Result.framework",
				"${BUILT_PRODUCTS_DIR}/ReusableKit/ReusableKit.framework",
				"${BUILT_PRODUCTS_DIR}/RxCocoa/RxCocoa.framework",
				"${BUILT_PRODUCTS_DIR}/RxDataSources/RxDataSources.framework",
				"${BUILT_PRODUCTS_DIR}/RxGesture/RxGesture.framework",
				"${BUILT_PRODUCTS_DIR}/RxOptional/RxOptional.framework",
				"${BUILT_PRODUCTS_DIR}/RxSwift/RxSwift.framework",
				"${BUILT_PRODUCTS_DIR}/SVProgressHUD/SVProgressHUD.framework",
				"${BUILT_PRODUCTS_DIR}/SnapKit/SnapKit.framework",
				"${BUILT_PRODUCTS_DIR}/SwiftyBeaver/SwiftyBeaver.framework",
				"${BUILT_PRODUCTS_DIR}/SwiftyColor/SwiftyColor.framework",
				"${BUILT_PRODUCTS_DIR}/SwiftyImage/SwiftyImage.framework",
				"${BUILT_PRODUCTS_DIR}/TTTAttributedLabel/TTTAttributedLabel.framework",
				"${BUILT_PRODUCTS_DIR}/TZImagePickerController/TZImagePickerController.framework",
				"${BUILT_PRODUCTS_DIR}/Then/Then.framework",
				"${BUILT_PRODUCTS_DIR}/Toast/Toast.framework",
				"${BUILT_PRODUCTS_DIR}/URLNavigator/URLNavigator.framework",
				"${BUILT_PRODUCTS_DIR}/WebLinking/WebLinking.framework",
				"${BUILT_PRODUCTS_DIR}/YYText/YYText.framework",
			);
			name = "[CP] Embed Pods Frameworks";
			outputPaths = (
				"${TARGET_BUILD_DIR}/${FRAMEWORKS_FOLDER_PATH}/Action.framework",
				"${TARGET_BUILD_DIR}/${FRAMEWORKS_FOLDER_PATH}/Alamofire.framework",
				"${TARGET_BUILD_DIR}/${FRAMEWORKS_FOLDER_PATH}/CGFloatLiteral.framework",
				"${TARGET_BUILD_DIR}/${FRAMEWORKS_FOLDER_PATH}/DZNEmptyDataSet.framework",
				"${TARGET_BUILD_DIR}/${FRAMEWORKS_FOLDER_PATH}/Differentiator.framework",
				"${TARGET_BUILD_DIR}/${FRAMEWORKS_FOLDER_PATH}/IQKeyboardManagerSwift.framework",
				"${TARGET_BUILD_DIR}/${FRAMEWORKS_FOLDER_PATH}/Kingfisher.framework",
				"${TARGET_BUILD_DIR}/${FRAMEWORKS_FOLDER_PATH}/LeanCloud.framework",
				"${TARGET_BUILD_DIR}/${FRAMEWORKS_FOLDER_PATH}/MBProgressHUD.framework",
				"${TARGET_BUILD_DIR}/${FRAMEWORKS_FOLDER_PATH}/MJRefresh.framework",
				"${TARGET_BUILD_DIR}/${FRAMEWORKS_FOLDER_PATH}/Moya.framework",
				"${TARGET_BUILD_DIR}/${FRAMEWORKS_FOLDER_PATH}/NSObject_Rx.framework",
				"${TARGET_BUILD_DIR}/${FRAMEWORKS_FOLDER_PATH}/ObjectMapper.framework",
				"${TARGET_BUILD_DIR}/${FRAMEWORKS_FOLDER_PATH}/ReactorKit.framework",
				"${TARGET_BUILD_DIR}/${FRAMEWORKS_FOLDER_PATH}/Result.framework",
				"${TARGET_BUILD_DIR}/${FRAMEWORKS_FOLDER_PATH}/ReusableKit.framework",
				"${TARGET_BUILD_DIR}/${FRAMEWORKS_FOLDER_PATH}/RxCocoa.framework",
				"${TARGET_BUILD_DIR}/${FRAMEWORKS_FOLDER_PATH}/RxDataSources.framework",
				"${TARGET_BUILD_DIR}/${FRAMEWORKS_FOLDER_PATH}/RxGesture.framework",
				"${TARGET_BUILD_DIR}/${FRAMEWORKS_FOLDER_PATH}/RxOptional.framework",
				"${TARGET_BUILD_DIR}/${FRAMEWORKS_FOLDER_PATH}/RxSwift.framework",
				"${TARGET_BUILD_DIR}/${FRAMEWORKS_FOLDER_PATH}/SVProgressHUD.framework",
				"${TARGET_BUILD_DIR}/${FRAMEWORKS_FOLDER_PATH}/SnapKit.framework",
				"${TARGET_BUILD_DIR}/${FRAMEWORKS_FOLDER_PATH}/SwiftyBeaver.framework",
				"${TARGET_BUILD_DIR}/${FRAMEWORKS_FOLDER_PATH}/SwiftyColor.framework",
				"${TARGET_BUILD_DIR}/${FRAMEWORKS_FOLDER_PATH}/SwiftyImage.framework",
				"${TARGET_BUILD_DIR}/${FRAMEWORKS_FOLDER_PATH}/TTTAttributedLabel.framework",
				"${TARGET_BUILD_DIR}/${FRAMEWORKS_FOLDER_PATH}/TZImagePickerController.framework",
				"${TARGET_BUILD_DIR}/${FRAMEWORKS_FOLDER_PATH}/Then.framework",
				"${TARGET_BUILD_DIR}/${FRAMEWORKS_FOLDER_PATH}/Toast.framework",
				"${TARGET_BUILD_DIR}/${FRAMEWORKS_FOLDER_PATH}/URLNavigator.framework",
				"${TARGET_BUILD_DIR}/${FRAMEWORKS_FOLDER_PATH}/WebLinking.framework",
				"${TARGET_BUILD_DIR}/${FRAMEWORKS_FOLDER_PATH}/YYText.framework",
			);
			runOnlyForDeploymentPostprocessing = 0;
			shellPath = /bin/sh;
			shellScript = "\"${SRCROOT}/Pods/Target Support Files/Pods-AddNote/Pods-AddNote-frameworks.sh\"\n";
			showEnvVarsInLog = 0;
		};
		BBC4D44BB048D8DBD8B3BDF5 /* [CP] Check Pods Manifest.lock */ = {
			isa = PBXShellScriptBuildPhase;
			buildActionMask = 2147483647;
			files = (
			);
			inputPaths = (
				"${PODS_PODFILE_DIR_PATH}/Podfile.lock",
				"${PODS_ROOT}/Manifest.lock",
			);
			name = "[CP] Check Pods Manifest.lock";
			outputPaths = (
				"$(DERIVED_FILE_DIR)/Pods-AddNoteTests-checkManifestLockResult.txt",
			);
			runOnlyForDeploymentPostprocessing = 0;
			shellPath = /bin/sh;
			shellScript = "diff \"${PODS_PODFILE_DIR_PATH}/Podfile.lock\" \"${PODS_ROOT}/Manifest.lock\" > /dev/null\nif [ $? != 0 ] ; then\n    # print error to STDERR\n    echo \"error: The sandbox is not in sync with the Podfile.lock. Run 'pod install' or update your CocoaPods installation.\" >&2\n    exit 1\nfi\n# This output is used by Xcode 'outputs' to avoid re-running this script phase.\necho \"SUCCESS\" > \"${SCRIPT_OUTPUT_FILE_0}\"\n";
			showEnvVarsInLog = 0;
		};
/* End PBXShellScriptBuildPhase section */

/* Begin PBXSourcesBuildPhase section */
		9D1B882620B7FA0400115E9F /* Sources */ = {
			isa = PBXSourcesBuildPhase;
			buildActionMask = 2147483647;
			files = (
				9D7FCDA420BC04E800F45F79 /* BooksViewController.swift in Sources */,
				9D1B882E20B7FA0400115E9F /* AppDelegate.swift in Sources */,
				9D7FCDA220BBEF8400F45F79 /* BaseViewController.swift in Sources */,
				9D7FCDA020BBEEFC00F45F79 /* NotesViewReactor.swift in Sources */,
				9D7FCDAA20BC051700F45F79 /* MineViewReactor.swift in Sources */,
				9D7FCD9B20BBE9CB00F45F79 /* NotesViewController.swift in Sources */,
				9D7FCDA820BC050A00F45F79 /* BooksViewReactor.swift in Sources */,
				9D7FCDA620BC04F300F45F79 /* MineViewController.swift in Sources */,
			);
			runOnlyForDeploymentPostprocessing = 0;
		};
		9D1B883A20B7FA0600115E9F /* Sources */ = {
			isa = PBXSourcesBuildPhase;
			buildActionMask = 2147483647;
			files = (
				9D1B884320B7FA0600115E9F /* AddNoteTests.swift in Sources */,
			);
			runOnlyForDeploymentPostprocessing = 0;
		};
		9D1B884520B7FA0600115E9F /* Sources */ = {
			isa = PBXSourcesBuildPhase;
			buildActionMask = 2147483647;
			files = (
				9D1B884E20B7FA0600115E9F /* AddNoteUITests.swift in Sources */,
			);
			runOnlyForDeploymentPostprocessing = 0;
		};
/* End PBXSourcesBuildPhase section */

/* Begin PBXTargetDependency section */
		9D1B884020B7FA0600115E9F /* PBXTargetDependency */ = {
			isa = PBXTargetDependency;
			target = 9D1B882920B7FA0400115E9F /* AddNote */;
			targetProxy = 9D1B883F20B7FA0600115E9F /* PBXContainerItemProxy */;
		};
		9D1B884B20B7FA0600115E9F /* PBXTargetDependency */ = {
			isa = PBXTargetDependency;
			target = 9D1B882920B7FA0400115E9F /* AddNote */;
			targetProxy = 9D1B884A20B7FA0600115E9F /* PBXContainerItemProxy */;
		};
/* End PBXTargetDependency section */

/* Begin PBXVariantGroup section */
		9D1B883120B7FA0400115E9F /* Main.storyboard */ = {
			isa = PBXVariantGroup;
			children = (
				9D1B883220B7FA0400115E9F /* Base */,
			);
			name = Main.storyboard;
			sourceTree = "<group>";
		};
		9D1B883620B7FA0600115E9F /* LaunchScreen.storyboard */ = {
			isa = PBXVariantGroup;
			children = (
				9D1B883720B7FA0600115E9F /* Base */,
			);
			name = LaunchScreen.storyboard;
			sourceTree = "<group>";
		};
/* End PBXVariantGroup section */

/* Begin XCBuildConfiguration section */
		9D1B885020B7FA0600115E9F /* Debug */ = {
			isa = XCBuildConfiguration;
			buildSettings = {
				ALWAYS_SEARCH_USER_PATHS = NO;
				CLANG_ANALYZER_NONNULL = YES;
				CLANG_ANALYZER_NUMBER_OBJECT_CONVERSION = YES_AGGRESSIVE;
				CLANG_CXX_LANGUAGE_STANDARD = "gnu++14";
				CLANG_CXX_LIBRARY = "libc++";
				CLANG_ENABLE_MODULES = YES;
				CLANG_ENABLE_OBJC_ARC = YES;
				CLANG_ENABLE_OBJC_WEAK = YES;
				CLANG_WARN_BLOCK_CAPTURE_AUTORELEASING = YES;
				CLANG_WARN_BOOL_CONVERSION = YES;
				CLANG_WARN_COMMA = YES;
				CLANG_WARN_CONSTANT_CONVERSION = YES;
				CLANG_WARN_DEPRECATED_OBJC_IMPLEMENTATIONS = YES;
				CLANG_WARN_DIRECT_OBJC_ISA_USAGE = YES_ERROR;
				CLANG_WARN_DOCUMENTATION_COMMENTS = YES;
				CLANG_WARN_EMPTY_BODY = YES;
				CLANG_WARN_ENUM_CONVERSION = YES;
				CLANG_WARN_INFINITE_RECURSION = YES;
				CLANG_WARN_INT_CONVERSION = YES;
				CLANG_WARN_NON_LITERAL_NULL_CONVERSION = YES;
				CLANG_WARN_OBJC_IMPLICIT_RETAIN_SELF = YES;
				CLANG_WARN_OBJC_LITERAL_CONVERSION = YES;
				CLANG_WARN_OBJC_ROOT_CLASS = YES_ERROR;
				CLANG_WARN_RANGE_LOOP_ANALYSIS = YES;
				CLANG_WARN_STRICT_PROTOTYPES = YES;
				CLANG_WARN_SUSPICIOUS_MOVE = YES;
				CLANG_WARN_UNGUARDED_AVAILABILITY = YES_AGGRESSIVE;
				CLANG_WARN_UNREACHABLE_CODE = YES;
				CLANG_WARN__DUPLICATE_METHOD_MATCH = YES;
				CODE_SIGN_IDENTITY = "iPhone Developer";
				COPY_PHASE_STRIP = NO;
				DEBUG_INFORMATION_FORMAT = dwarf;
				ENABLE_STRICT_OBJC_MSGSEND = YES;
				ENABLE_TESTABILITY = YES;
				GCC_C_LANGUAGE_STANDARD = gnu11;
				GCC_DYNAMIC_NO_PIC = NO;
				GCC_NO_COMMON_BLOCKS = YES;
				GCC_OPTIMIZATION_LEVEL = 0;
				GCC_PREPROCESSOR_DEFINITIONS = (
					"DEBUG=1",
					"$(inherited)",
				);
				GCC_WARN_64_TO_32_BIT_CONVERSION = YES;
				GCC_WARN_ABOUT_RETURN_TYPE = YES_ERROR;
				GCC_WARN_UNDECLARED_SELECTOR = YES;
				GCC_WARN_UNINITIALIZED_AUTOS = YES_AGGRESSIVE;
				GCC_WARN_UNUSED_FUNCTION = YES;
				GCC_WARN_UNUSED_VARIABLE = YES;
				IPHONEOS_DEPLOYMENT_TARGET = 11.3;
				MTL_ENABLE_DEBUG_INFO = YES;
				ONLY_ACTIVE_ARCH = YES;
				SDKROOT = iphoneos;
				SWIFT_ACTIVE_COMPILATION_CONDITIONS = DEBUG;
				SWIFT_OPTIMIZATION_LEVEL = "-Onone";
			};
			name = Debug;
		};
		9D1B885120B7FA0600115E9F /* Release */ = {
			isa = XCBuildConfiguration;
			buildSettings = {
				ALWAYS_SEARCH_USER_PATHS = NO;
				CLANG_ANALYZER_NONNULL = YES;
				CLANG_ANALYZER_NUMBER_OBJECT_CONVERSION = YES_AGGRESSIVE;
				CLANG_CXX_LANGUAGE_STANDARD = "gnu++14";
				CLANG_CXX_LIBRARY = "libc++";
				CLANG_ENABLE_MODULES = YES;
				CLANG_ENABLE_OBJC_ARC = YES;
				CLANG_ENABLE_OBJC_WEAK = YES;
				CLANG_WARN_BLOCK_CAPTURE_AUTORELEASING = YES;
				CLANG_WARN_BOOL_CONVERSION = YES;
				CLANG_WARN_COMMA = YES;
				CLANG_WARN_CONSTANT_CONVERSION = YES;
				CLANG_WARN_DEPRECATED_OBJC_IMPLEMENTATIONS = YES;
				CLANG_WARN_DIRECT_OBJC_ISA_USAGE = YES_ERROR;
				CLANG_WARN_DOCUMENTATION_COMMENTS = YES;
				CLANG_WARN_EMPTY_BODY = YES;
				CLANG_WARN_ENUM_CONVERSION = YES;
				CLANG_WARN_INFINITE_RECURSION = YES;
				CLANG_WARN_INT_CONVERSION = YES;
				CLANG_WARN_NON_LITERAL_NULL_CONVERSION = YES;
				CLANG_WARN_OBJC_IMPLICIT_RETAIN_SELF = YES;
				CLANG_WARN_OBJC_LITERAL_CONVERSION = YES;
				CLANG_WARN_OBJC_ROOT_CLASS = YES_ERROR;
				CLANG_WARN_RANGE_LOOP_ANALYSIS = YES;
				CLANG_WARN_STRICT_PROTOTYPES = YES;
				CLANG_WARN_SUSPICIOUS_MOVE = YES;
				CLANG_WARN_UNGUARDED_AVAILABILITY = YES_AGGRESSIVE;
				CLANG_WARN_UNREACHABLE_CODE = YES;
				CLANG_WARN__DUPLICATE_METHOD_MATCH = YES;
				CODE_SIGN_IDENTITY = "iPhone Developer";
				COPY_PHASE_STRIP = NO;
				DEBUG_INFORMATION_FORMAT = "dwarf-with-dsym";
				ENABLE_NS_ASSERTIONS = NO;
				ENABLE_STRICT_OBJC_MSGSEND = YES;
				GCC_C_LANGUAGE_STANDARD = gnu11;
				GCC_NO_COMMON_BLOCKS = YES;
				GCC_WARN_64_TO_32_BIT_CONVERSION = YES;
				GCC_WARN_ABOUT_RETURN_TYPE = YES_ERROR;
				GCC_WARN_UNDECLARED_SELECTOR = YES;
				GCC_WARN_UNINITIALIZED_AUTOS = YES_AGGRESSIVE;
				GCC_WARN_UNUSED_FUNCTION = YES;
				GCC_WARN_UNUSED_VARIABLE = YES;
				IPHONEOS_DEPLOYMENT_TARGET = 11.3;
				MTL_ENABLE_DEBUG_INFO = NO;
				SDKROOT = iphoneos;
				SWIFT_COMPILATION_MODE = wholemodule;
				SWIFT_OPTIMIZATION_LEVEL = "-O";
				VALIDATE_PRODUCT = YES;
			};
			name = Release;
		};
		9D1B885320B7FA0600115E9F /* Debug */ = {
			isa = XCBuildConfiguration;
			baseConfigurationReference = 3B07B66ACF5435CA32E9536B /* Pods-AddNote.debug.xcconfig */;
			buildSettings = {
				ASSETCATALOG_COMPILER_APPICON_NAME = AppIcon;
				CODE_SIGN_STYLE = Automatic;
				DEVELOPMENT_TEAM = D28K8F93ZH;
				INFOPLIST_FILE = AddNote/Info.plist;
				LD_RUNPATH_SEARCH_PATHS = (
					"$(inherited)",
					"@executable_path/Frameworks",
				);
				PRODUCT_BUNDLE_IDENTIFIER = SL.AddNote;
				PRODUCT_NAME = "$(TARGET_NAME)";
				SWIFT_VERSION = 4.0;
				TARGETED_DEVICE_FAMILY = "1,2";
			};
			name = Debug;
		};
		9D1B885420B7FA0600115E9F /* Release */ = {
			isa = XCBuildConfiguration;
			baseConfigurationReference = F29E6296F4A8EBBB1F2E1196 /* Pods-AddNote.release.xcconfig */;
			buildSettings = {
				ASSETCATALOG_COMPILER_APPICON_NAME = AppIcon;
				CODE_SIGN_STYLE = Automatic;
				DEVELOPMENT_TEAM = D28K8F93ZH;
				INFOPLIST_FILE = AddNote/Info.plist;
				LD_RUNPATH_SEARCH_PATHS = (
					"$(inherited)",
					"@executable_path/Frameworks",
				);
				PRODUCT_BUNDLE_IDENTIFIER = SL.AddNote;
				PRODUCT_NAME = "$(TARGET_NAME)";
				SWIFT_VERSION = 4.0;
				TARGETED_DEVICE_FAMILY = "1,2";
			};
			name = Release;
		};
		9D1B885620B7FA0600115E9F /* Debug */ = {
			isa = XCBuildConfiguration;
			baseConfigurationReference = 327979962DF5602C27575909 /* Pods-AddNoteTests.debug.xcconfig */;
			buildSettings = {
				ALWAYS_EMBED_SWIFT_STANDARD_LIBRARIES = YES;
				BUNDLE_LOADER = "$(TEST_HOST)";
				CODE_SIGN_STYLE = Automatic;
				DEVELOPMENT_TEAM = D28K8F93ZH;
				INFOPLIST_FILE = AddNoteTests/Info.plist;
				LD_RUNPATH_SEARCH_PATHS = (
					"$(inherited)",
					"@executable_path/Frameworks",
					"@loader_path/Frameworks",
				);
				PRODUCT_BUNDLE_IDENTIFIER = SL.AddNoteTests;
				PRODUCT_NAME = "$(TARGET_NAME)";
				SWIFT_VERSION = 4.0;
				TARGETED_DEVICE_FAMILY = "1,2";
				TEST_HOST = "$(BUILT_PRODUCTS_DIR)/AddNote.app/AddNote";
			};
			name = Debug;
		};
		9D1B885720B7FA0600115E9F /* Release */ = {
			isa = XCBuildConfiguration;
			baseConfigurationReference = AC7A873B6240CE9E6D1DB46A /* Pods-AddNoteTests.release.xcconfig */;
			buildSettings = {
				ALWAYS_EMBED_SWIFT_STANDARD_LIBRARIES = YES;
				BUNDLE_LOADER = "$(TEST_HOST)";
				CODE_SIGN_STYLE = Automatic;
				DEVELOPMENT_TEAM = D28K8F93ZH;
				INFOPLIST_FILE = AddNoteTests/Info.plist;
				LD_RUNPATH_SEARCH_PATHS = (
					"$(inherited)",
					"@executable_path/Frameworks",
					"@loader_path/Frameworks",
				);
				PRODUCT_BUNDLE_IDENTIFIER = SL.AddNoteTests;
				PRODUCT_NAME = "$(TARGET_NAME)";
				SWIFT_VERSION = 4.0;
				TARGETED_DEVICE_FAMILY = "1,2";
				TEST_HOST = "$(BUILT_PRODUCTS_DIR)/AddNote.app/AddNote";
			};
			name = Release;
		};
		9D1B885920B7FA0600115E9F /* Debug */ = {
			isa = XCBuildConfiguration;
			baseConfigurationReference = 7AD3ADD0F079091BA18AD251 /* Pods-AddNoteUITests.debug.xcconfig */;
			buildSettings = {
				ALWAYS_EMBED_SWIFT_STANDARD_LIBRARIES = YES;
				CODE_SIGN_STYLE = Automatic;
				DEVELOPMENT_TEAM = D28K8F93ZH;
				INFOPLIST_FILE = AddNoteUITests/Info.plist;
				LD_RUNPATH_SEARCH_PATHS = (
					"$(inherited)",
					"@executable_path/Frameworks",
					"@loader_path/Frameworks",
				);
				PRODUCT_BUNDLE_IDENTIFIER = SL.AddNoteUITests;
				PRODUCT_NAME = "$(TARGET_NAME)";
				SWIFT_VERSION = 4.0;
				TARGETED_DEVICE_FAMILY = "1,2";
				TEST_TARGET_NAME = AddNote;
			};
			name = Debug;
		};
		9D1B885A20B7FA0600115E9F /* Release */ = {
			isa = XCBuildConfiguration;
			baseConfigurationReference = 73BB81427E795D3947E2D0D4 /* Pods-AddNoteUITests.release.xcconfig */;
			buildSettings = {
				ALWAYS_EMBED_SWIFT_STANDARD_LIBRARIES = YES;
				CODE_SIGN_STYLE = Automatic;
				DEVELOPMENT_TEAM = D28K8F93ZH;
				INFOPLIST_FILE = AddNoteUITests/Info.plist;
				LD_RUNPATH_SEARCH_PATHS = (
					"$(inherited)",
					"@executable_path/Frameworks",
					"@loader_path/Frameworks",
				);
				PRODUCT_BUNDLE_IDENTIFIER = SL.AddNoteUITests;
				PRODUCT_NAME = "$(TARGET_NAME)";
				SWIFT_VERSION = 4.0;
				TARGETED_DEVICE_FAMILY = "1,2";
				TEST_TARGET_NAME = AddNote;
			};
			name = Release;
		};
/* End XCBuildConfiguration section */

/* Begin XCConfigurationList section */
		9D1B882520B7FA0400115E9F /* Build configuration list for PBXProject "AddNote" */ = {
			isa = XCConfigurationList;
			buildConfigurations = (
				9D1B885020B7FA0600115E9F /* Debug */,
				9D1B885120B7FA0600115E9F /* Release */,
			);
			defaultConfigurationIsVisible = 0;
			defaultConfigurationName = Release;
		};
		9D1B885220B7FA0600115E9F /* Build configuration list for PBXNativeTarget "AddNote" */ = {
			isa = XCConfigurationList;
			buildConfigurations = (
				9D1B885320B7FA0600115E9F /* Debug */,
				9D1B885420B7FA0600115E9F /* Release */,
			);
			defaultConfigurationIsVisible = 0;
			defaultConfigurationName = Release;
		};
		9D1B885520B7FA0600115E9F /* Build configuration list for PBXNativeTarget "AddNoteTests" */ = {
			isa = XCConfigurationList;
			buildConfigurations = (
				9D1B885620B7FA0600115E9F /* Debug */,
				9D1B885720B7FA0600115E9F /* Release */,
			);
			defaultConfigurationIsVisible = 0;
			defaultConfigurationName = Release;
		};
		9D1B885820B7FA0600115E9F /* Build configuration list for PBXNativeTarget "AddNoteUITests" */ = {
			isa = XCConfigurationList;
			buildConfigurations = (
				9D1B885920B7FA0600115E9F /* Debug */,
				9D1B885A20B7FA0600115E9F /* Release */,
			);
			defaultConfigurationIsVisible = 0;
			defaultConfigurationName = Release;
		};
/* End XCConfigurationList section */
	};
	rootObject = 9D1B882220B7FA0400115E9F /* Project object */;
}
